
Microsoft Visual Studio Solution File, Format Version 12.00
# Visual Studio Version 17
VisualStudioVersion = 17.11.35327.3
MinimumVisualStudioVersion = 10.0.40219.1
Project("{FAE04EC0-301F-11D3-BF4B-00C04F79EFBC}") = "MiniInventoryManagementSystem", "MniInventoryManagementSystem\MiniInventoryManagementSystem.csproj", "{D83D5529-C417-4124-8154-32ECEE5D71D8}"
EndProject
Global
	GlobalSection(SolutionConfigurationPlatforms) = preSolution
		Debug|Any CPU = Debug|Any CPU
		Release|Any CPU = Release|Any CPU
	EndGlobalSection
	GlobalSection(ProjectConfigurationPlatforms) = postSolution
		{D83D5529-C417-4124-8154-32ECEE5D71D8}.Debug|Any CPU.ActiveCfg = Debug|Any CPU
		{D83D5529-C417-4124-8154-32ECEE5D71D8}.Debug|Any CPU.Build.0 = Debug|Any CPU
		{D83D5529-C417-4124-8154-32ECEE5D71D8}.Release|Any CPU.ActiveCfg = Release|Any CPU
		{D83D5529-C417-4124-8154-32ECEE5D71D8}.Release|Any CPU.Build.0 = Release|Any CPU
	EndGlobalSection
	GlobalSection(SolutionProperties) = preSolution
		HideSolutionNode = FALSE
	EndGlobalSection
	GlobalSection(ExtensibilityGlobals) = postSolution
		SolutionGuid = {AF261A47-A0D0-47C0-89C1-32EEE6DD3E05}
	EndGlobalSection
EndGlobal
